
Microsoft Visual Studio Solution File, Format Version 12.00
# Visual Studio 2013
VisualStudioVersion = 12.0.31101.0
MinimumVisualStudioVersion = 10.0.40219.1
Project("{FAE04EC0-301F-11D3-BF4B-00C04F79EFBC}") = "Com.Miguel.FizzBuzzKata", "Com.Miguel.FizzBuzzKata\Com.Miguel.FizzBuzzKata.csproj", "{070426B6-9D38-425A-8ECC-521C025F6652}"
EndProject
Project("{FAE04EC0-301F-11D3-BF4B-00C04F79EFBC}") = "Com.Miguel.FizzBuzzKata.Tests", "Com.Miguel.FizzBuzzKata.Tests\Com.Miguel.FizzBuzzKata.Tests.csproj", "{1C0CCDB1-1CA1-4E91-9D3E-762F196080CF}"
EndProject
Global
	GlobalSection(SolutionConfigurationPlatforms) = preSolution
		Debug|Any CPU = Debug|Any CPU
		Release|Any CPU = Release|Any CPU
	EndGlobalSection
	GlobalSection(ProjectConfigurationPlatforms) = postSolution
		{070426B6-9D38-425A-8ECC-521C025F6652}.Debug|Any CPU.ActiveCfg = Debug|Any CPU
		{070426B6-9D38-425A-8ECC-521C025F6652}.Debug|Any CPU.Build.0 = Debug|Any CPU
		{070426B6-9D38-425A-8ECC-521C025F6652}.Release|Any CPU.ActiveCfg = Release|Any CPU
		{070426B6-9D38-425A-8ECC-521C025F6652}.Release|Any CPU.Build.0 = Release|Any CPU
		{1C0CCDB1-1CA1-4E91-9D3E-762F196080CF}.Debug|Any CPU.ActiveCfg = Debug|Any CPU
		{1C0CCDB1-1CA1-4E91-9D3E-762F196080CF}.Debug|Any CPU.Build.0 = Debug|Any CPU
		{1C0CCDB1-1CA1-4E91-9D3E-762F196080CF}.Release|Any CPU.ActiveCfg = Release|Any CPU
		{1C0CCDB1-1CA1-4E91-9D3E-762F196080CF}.Release|Any CPU.Build.0 = Release|Any CPU
	EndGlobalSection
	GlobalSection(SolutionProperties) = preSolution
		HideSolutionNode = FALSE
	EndGlobalSection
EndGlobal
